
Microsoft Visual Studio Solution File, Format Version 12.00
# Visual Studio Version 17
VisualStudioVersion = 17.11.35312.102
MinimumVisualStudioVersion = 10.0.40219.1
Project("{FAE04EC0-301F-11D3-BF4B-00C04F79EFBC}") = "TrabajoPracticoWeb", "TrabajoPracticoWeb\TrabajoPracticoWeb.csproj", "{EAF4885E-E26C-474F-9137-9EC2FC0E30ED}"
EndProject
Project("{FAE04EC0-301F-11D3-BF4B-00C04F79EFBC}") = "Dominio", "Dominio\Dominio.csproj", "{4082DAE9-FEB2-48E8-9C02-4C694448EBDD}"
EndProject
Project("{FAE04EC0-301F-11D3-BF4B-00C04F79EFBC}") = "Negocio", "Negocio\Negocio.csproj", "{C76879EE-7F2A-4321-AA53-7553E2161AFB}"
EndProject
Global
	GlobalSection(SolutionConfigurationPlatforms) = preSolution
		Debug|Any CPU = Debug|Any CPU
		Release|Any CPU = Release|Any CPU
	EndGlobalSection
	GlobalSection(ProjectConfigurationPlatforms) = postSolution
		{EAF4885E-E26C-474F-9137-9EC2FC0E30ED}.Debug|Any CPU.ActiveCfg = Debug|Any CPU
		{EAF4885E-E26C-474F-9137-9EC2FC0E30ED}.Debug|Any CPU.Build.0 = Debug|Any CPU
		{EAF4885E-E26C-474F-9137-9EC2FC0E30ED}.Release|Any CPU.ActiveCfg = Release|Any CPU
		{EAF4885E-E26C-474F-9137-9EC2FC0E30ED}.Release|Any CPU.Build.0 = Release|Any CPU
		{4082DAE9-FEB2-48E8-9C02-4C694448EBDD}.Debug|Any CPU.ActiveCfg = Debug|Any CPU
		{4082DAE9-FEB2-48E8-9C02-4C694448EBDD}.Debug|Any CPU.Build.0 = Debug|Any CPU
		{4082DAE9-FEB2-48E8-9C02-4C694448EBDD}.Release|Any CPU.ActiveCfg = Release|Any CPU
		{4082DAE9-FEB2-48E8-9C02-4C694448EBDD}.Release|Any CPU.Build.0 = Release|Any CPU
		{C76879EE-7F2A-4321-AA53-7553E2161AFB}.Debug|Any CPU.ActiveCfg = Debug|Any CPU
		{C76879EE-7F2A-4321-AA53-7553E2161AFB}.Debug|Any CPU.Build.0 = Debug|Any CPU
		{C76879EE-7F2A-4321-AA53-7553E2161AFB}.Release|Any CPU.ActiveCfg = Release|Any CPU
		{C76879EE-7F2A-4321-AA53-7553E2161AFB}.Release|Any CPU.Build.0 = Release|Any CPU
	EndGlobalSection
	GlobalSection(SolutionProperties) = preSolution
		HideSolutionNode = FALSE
	EndGlobalSection
	GlobalSection(ExtensibilityGlobals) = postSolution
		SolutionGuid = {629B2E15-5663-4E1D-8609-577C0AE9D224}
	EndGlobalSection
EndGlobal
